<?xml version="1.0" encoding="utf-8"?>
<Project ToolsVersion="4.0" xmlns="http://schemas.microsoft.com/developer/msbuild/2003">
  <ItemGroup>
    <Filter Include="Source Files">
      <UniqueIdentifier>{4FC737F1-C7A5-4376-A066-2A32D752A2FF}</UniqueIdentifier>
      <Extensions>cpp;cxx;c;def</Extensions>
    </Filter>
    <Filter Include="Source Files\device">
      <UniqueIdentifier>{3ccc8494-26f8-4233-b0e2-b4c53deaa9d0}</UniqueIdentifier>
    </Filter>
    <Filter Include="Source Files\general use">
      <UniqueIdentifier>{2e2a8e2b-1d54-4ad4-a265-832abe070da2}</UniqueIdentifier>
    </Filter>
    <Filter Include="Source Files\gui">
      <UniqueIdentifier>{71319207-875f-4d5a-802b-6b019568de50}</UniqueIdentifier>
    </Filter>
    <Filter Include="Source Files\logger">
      <UniqueIdentifier>{be5e7a30-7880-4db4-8998-f2637945ae0e}</UniqueIdentifier>
    </Filter>
    <Filter Include="Source Files\Resource Files">
      <UniqueIdentifier>{D9D6E242-F8AF-46E4-B9FD-80ECBC20BA3E}</UniqueIdentifier>
      <Extensions>qrc;*</Extensions>
      <ParseFiles>false</ParseFiles>
    </Filter>
    <Filter Include="Source Files\threads">
      <UniqueIdentifier>{aa9a5a8f-6bf8-4230-b44b-c7c6a64b2be5}</UniqueIdentifier>
    </Filter>
    <Filter Include="Source Files\experiment">
      <UniqueIdentifier>{47eb4861-d948-4eb5-82a5-f509ddbcba18}</UniqueIdentifier>
    </Filter>
    <Filter Include="Source Files\supervisor">
      <UniqueIdentifier>{9d3d3486-384b-4132-8bf3-af9798cdfb4d}</UniqueIdentifier>
    </Filter>
    <Filter Include="Header Files">
      <UniqueIdentifier>{93995380-89BD-4b04-88EB-625FBE52EBFB}</UniqueIdentifier>
      <Extensions>h</Extensions>
    </Filter>
    <Filter Include="Header Files\device">
      <UniqueIdentifier>{3a7d9b78-671e-45a0-adb4-d7cc04448307}</UniqueIdentifier>
    </Filter>
    <Filter Include="Header Files\general use">
      <UniqueIdentifier>{a5d03441-9ac3-4e51-a42f-0c99175f50f9}</UniqueIdentifier>
    </Filter>
    <Filter Include="Header Files\gui">
      <UniqueIdentifier>{c9a9708a-846a-4e78-9f86-bf470563f65f}</UniqueIdentifier>
    </Filter>
    <Filter Include="Header Files\logger">
      <UniqueIdentifier>{7bc56ff4-4585-4272-a2d0-ac7976272df3}</UniqueIdentifier>
    </Filter>
    <Filter Include="Header Files\logger\log helper files">
      <UniqueIdentifier>{8dae7354-9e67-40d7-bd69-9f3363e4f566}</UniqueIdentifier>
    </Filter>
    <Filter Include="Header Files\supervisor">
      <UniqueIdentifier>{0cf89417-fc31-4ec1-88d4-c252e89f39c5}</UniqueIdentifier>
    </Filter>
    <Filter Include="Header Files\threads">
      <UniqueIdentifier>{2037c93b-1476-41f6-a889-c371831ee6e7}</UniqueIdentifier>
    </Filter>
    <Filter Include="Header Files\experiment">
      <UniqueIdentifier>{8c2dcdb4-d8cf-4c0d-bae7-c3e8ca21293a}</UniqueIdentifier>
    </Filter>
    <Filter Include="Form Files">
      <UniqueIdentifier>{99349809-55BA-4b9d-BF79-8FDBB0286EB3}</UniqueIdentifier>
      <Extensions>ui</Extensions>
    </Filter>
    <Filter Include="Generated Files">
      <UniqueIdentifier>{71ED8ED8-ACB9-4CE9-BBE1-E00B30144E11}</UniqueIdentifier>
      <Extensions>moc;h;cpp</Extensions>
      <SourceControlFiles>False</SourceControlFiles>
    </Filter>
    <Filter Include="Generated Files\Release">
      <UniqueIdentifier>{23465f25-c3e9-4fa5-9414-efa5f02a6183}</UniqueIdentifier>
      <Extensions>cpp;moc</Extensions>
      <SourceControlFiles>False</SourceControlFiles>
    </Filter>
    <Filter Include="Generated Files\Debug">
      <UniqueIdentifier>{99f346cc-00bc-47fa-9f30-acfe12b5f379}</UniqueIdentifier>
      <Extensions>cpp;moc</Extensions>
      <SourceControlFiles>False</SourceControlFiles>
    </Filter>
  </ItemGroup>
  <ItemGroup>
    <ClCompile Include="main.cpp">
      <Filter>Source Files</Filter>
    </ClCompile>
    <ClCompile Include="AtiU6.cpp">
      <Filter>Source Files\device</Filter>
    </ClCompile>
    <ClCompile Include="EntactDevice.cpp">
      <Filter>Source Files\device</Filter>
    </ClCompile>
    <ClCompile Include="MilliSecTime.cpp">
      <Filter>Source Files\general use</Filter>
    </ClCompile>
    <ClCompile Include="Observer.cpp">
      <Filter>Source Files\general use</Filter>
    </ClCompile>
    <ClCompile Include="Subject.cpp">
      <Filter>Source Files\general use</Filter>
    </ClCompile>
    <ClCompile Include="hapticevaluationgui.cpp">
      <Filter>Source Files\gui</Filter>
    </ClCompile>
    <ClCompile Include="datalogger.cpp">
      <Filter>Source Files\logger</Filter>
    </ClCompile>
    <ClCompile Include="HapticThreadDoubleForce.cpp">
      <Filter>Source Files\threads</Filter>
    </ClCompile>
    <ClCompile Include="HapticThreadHaptReplication.cpp">
      <Filter>Source Files\threads</Filter>
    </ClCompile>
    <ClCompile Include="HapticThreadSingleForce.cpp">
      <Filter>Source Files\threads</Filter>
    </ClCompile>
    <ClCompile Include="HapticThreadSingleHaptic.cpp">
      <Filter>Source Files\threads</Filter>
    </ClCompile>
    <ClCompile Include="HapticThreadSingleHapticCst.cpp">
      <Filter>Source Files\threads</Filter>
    </ClCompile>
    <ClCompile Include="HapticThreadSingleHapticSlope.cpp">
      <Filter>Source Files\threads</Filter>
    </ClCompile>
    <ClCompile Include="HapticThreadSinglePosition.cpp">
      <Filter>Source Files\threads</Filter>
    </ClCompile>
    <ClCompile Include="experimentReader.cpp">
      <Filter>Source Files\experiment</Filter>
    </ClCompile>
    <ClCompile Include="HRExperiment.cpp">
      <Filter>Source Files\experiment</Filter>
    </ClCompile>
    <ClCompile Include="haptlinksupervisor.cpp">
      <Filter>Source Files\supervisor</Filter>
    </ClCompile>
    <ClCompile Include="dom.c">
      <Filter>Header Files\logger\log helper files</Filter>
    </ClCompile>
    <ClCompile Include="expatls.c">
      <Filter>Header Files\logger\log helper files</Filter>
    </ClCompile>
    <ClCompile Include="ftconfig.c">
      <Filter>Header Files\logger\log helper files</Filter>
    </ClCompile>
    <ClCompile Include="ftrt.c">
      <Filter>Header Files\logger\log helper files</Filter>
    </ClCompile>
    <ClCompile Include="node.c">
      <Filter>Header Files\logger\log helper files</Filter>
    </ClCompile>
    <ClCompile Include="stack.c">
      <Filter>Header Files\logger\log helper files</Filter>
    </ClCompile>
    <ClCompile Include="xmlparse.c">
      <Filter>Header Files\logger\log helper files</Filter>
    </ClCompile>
    <ClCompile Include="xmlrole.c">
      <Filter>Header Files\logger\log helper files</Filter>
    </ClCompile>
    <ClCompile Include="xmltok.c">
      <Filter>Header Files\logger\log helper files</Filter>
    </ClCompile>
    <ClCompile Include="GeneratedFiles\qrc_hapticevaluationgui.cpp">
      <Filter>Generated Files</Filter>
    </ClCompile>
    <ClCompile Include="GeneratedFiles\Release\moc_hapticevaluationgui.cpp">
      <Filter>Generated Files\Release</Filter>
    </ClCompile>
    <ClCompile Include="GeneratedFiles\Debug\moc_hapticevaluationgui.cpp">
      <Filter>Generated Files\Debug</Filter>
    </ClCompile>
  </ItemGroup>
  <ItemGroup>
    <ClInclude Include="AtiU6.h">
      <Filter>Header Files\device</Filter>
    </ClInclude>
    <ClInclude Include="Device.h">
      <Filter>Header Files\device</Filter>
    </ClInclude>
    <ClInclude Include="EntactDevice.h">
      <Filter>Header Files\device</Filter>
    </ClInclude>
    <ClInclude Include="HapticDevice.h">
      <Filter>Header Files\device</Filter>
    </ClInclude>
    <ClInclude Include="datamodel.h">
      <Filter>Header Files\general use</Filter>
    </ClInclude>
    <ClInclude Include="MilliSecTime.h">
      <Filter>Header Files\general use</Filter>
    </ClInclude>
    <ClInclude Include="Observer.h">
      <Filter>Header Files\general use</Filter>
    </ClInclude>
    <ClInclude Include="Subject.h">
      <Filter>Header Files\general use</Filter>
    </ClInclude>
    <ClInclude Include="datalogger.h">
      <Filter>Header Files\logger</Filter>
    </ClInclude>
    <ClInclude Include="haptlinksupervisor.h">
      <Filter>Header Files\supervisor</Filter>
    </ClInclude>
    <ClInclude Include="HapticThread.h">
      <Filter>Header Files\threads</Filter>
    </ClInclude>
    <ClInclude Include="HapticThreadDoubleForce.h">
      <Filter>Header Files\threads</Filter>
    </ClInclude>
    <ClInclude Include="HapticThreadHaptReplication.h">
      <Filter>Header Files\threads</Filter>
    </ClInclude>
    <ClInclude Include="HapticThreadSingleForce.h">
      <Filter>Header Files\threads</Filter>
    </ClInclude>
    <ClInclude Include="HapticThreadSingleHapticCst.h">
      <Filter>Header Files\threads</Filter>
    </ClInclude>
    <ClInclude Include="HapticThreadSingleHapticSlope.h">
      <Filter>Header Files\threads</Filter>
    </ClInclude>
    <ClInclude Include="HapticThreadSinglePosition.h">
      <Filter>Header Files\threads</Filter>
    </ClInclude>
    <ClInclude Include="experimentReader.h">
      <Filter>Header Files\experiment</Filter>
    </ClInclude>
    <ClInclude Include="HRExperiment.h">
      <Filter>Header Files\experiment</Filter>
    </ClInclude>
    <ClInclude Include="resource.h">
      <Filter>Header Files</Filter>
    </ClInclude>
  </ItemGroup>
  <ItemGroup>
    <CustomBuild Include="hapticevaluationgui.qrc">
      <Filter>Source Files\Resource Files</Filter>
    </CustomBuild>
    <CustomBuild Include="hapticevaluationgui.h">
      <Filter>Header Files\gui</Filter>
    </CustomBuild>
    <CustomBuild Include="hapticevaluationgui.ui">
      <Filter>Form Files</Filter>
    </CustomBuild>
  </ItemGroup>
  <ItemGroup>
    <ResourceCompile Include="HapticEvaluation.rc" />
  </ItemGroup>
  <ItemGroup>
    <None Include="HapticEvaluation.licenseheader" />
  </ItemGroup>
</Project>