<?xml version="1.0" encoding="utf-8"?>
<Project ToolsVersion="4.0" xmlns="http://schemas.microsoft.com/developer/msbuild/2003">
  <ItemGroup>
    <Filter Include="Source Files">
      <UniqueIdentifier>{4FC737F1-C7A5-4376-A066-2A32D752A2FF}</UniqueIdentifier>
      <Extensions>cpp;cxx;c;def</Extensions>
    </Filter>
    <Filter Include="Source Files\device">
      <UniqueIdentifier>{62b59eea-71e1-4aa6-ad88-b81e473015da}</UniqueIdentifier>
    </Filter>
    <Filter Include="Source Files\general use">
      <UniqueIdentifier>{0da67975-924f-4124-86b1-74d1301cfb3f}</UniqueIdentifier>
    </Filter>
    <Filter Include="Source Files\gui">
      <UniqueIdentifier>{b9765925-e1e8-4c15-9b64-39fc6179ba89}</UniqueIdentifier>
    </Filter>
    <Filter Include="Source Files\logger">
      <UniqueIdentifier>{7ebcac36-5f3d-4a5c-b8a1-2c05c7dd6f1d}</UniqueIdentifier>
    </Filter>
    <Filter Include="Source Files\Resource Files">
      <UniqueIdentifier>{D9D6E242-F8AF-46E4-B9FD-80ECBC20BA3E}</UniqueIdentifier>
      <Extensions>qrc;*</Extensions>
      <ParseFiles>false</ParseFiles>
    </Filter>
    <Filter Include="Source Files\threads">
      <UniqueIdentifier>{3c71befa-56b0-46c5-ba7e-3f334e4ee316}</UniqueIdentifier>
    </Filter>
    <Filter Include="Source Files\experiment">
      <UniqueIdentifier>{56066a8e-de67-4cd5-8f93-d18575f13f2f}</UniqueIdentifier>
    </Filter>
    <Filter Include="Source Files\supervisor">
      <UniqueIdentifier>{2053a5bd-92ed-46a1-8513-1b1fc473a3a7}</UniqueIdentifier>
    </Filter>
    <Filter Include="Header Files">
      <UniqueIdentifier>{93995380-89BD-4b04-88EB-625FBE52EBFB}</UniqueIdentifier>
      <Extensions>h</Extensions>
    </Filter>
    <Filter Include="Header Files\device">
      <UniqueIdentifier>{541a8edb-08c1-489e-9e69-c147b136b5ce}</UniqueIdentifier>
    </Filter>
    <Filter Include="Header Files\general use">
      <UniqueIdentifier>{ffcf76f1-e4d9-4108-bf76-37fcef60f43a}</UniqueIdentifier>
    </Filter>
    <Filter Include="Header Files\gui">
      <UniqueIdentifier>{baf3948c-336b-4fd5-a535-0cd84829d771}</UniqueIdentifier>
    </Filter>
    <Filter Include="Header Files\logger">
      <UniqueIdentifier>{a2b4170e-ae67-4578-aaba-f35dbb505d6c}</UniqueIdentifier>
    </Filter>
    <Filter Include="Header Files\logger\log helper files">
      <UniqueIdentifier>{8a48e5dd-865c-46bc-bf4d-fd31da2a0ed0}</UniqueIdentifier>
    </Filter>
    <Filter Include="Header Files\supervisor">
      <UniqueIdentifier>{dc52d900-1cbd-4b0b-8a60-9198e2cd78a0}</UniqueIdentifier>
    </Filter>
    <Filter Include="Header Files\threads">
      <UniqueIdentifier>{e0791425-6b73-442c-a6ef-af0c2ff15c78}</UniqueIdentifier>
    </Filter>
    <Filter Include="Header Files\experiment">
      <UniqueIdentifier>{3b474136-feab-4a68-abcc-1e4dc5f53cab}</UniqueIdentifier>
    </Filter>
    <Filter Include="Form Files">
      <UniqueIdentifier>{99349809-55BA-4b9d-BF79-8FDBB0286EB3}</UniqueIdentifier>
      <Extensions>ui</Extensions>
    </Filter>
    <Filter Include="Generated Files">
      <UniqueIdentifier>{71ED8ED8-ACB9-4CE9-BBE1-E00B30144E11}</UniqueIdentifier>
      <Extensions>moc;h;cpp</Extensions>
      <SourceControlFiles>False</SourceControlFiles>
    </Filter>
    <Filter Include="Generated Files\Release">
      <UniqueIdentifier>{fea7f3b7-c7de-47ba-a985-a4a3d2a5fed6}</UniqueIdentifier>
      <Extensions>cpp;moc</Extensions>
      <SourceControlFiles>False</SourceControlFiles>
    </Filter>
    <Filter Include="Generated Files\Debug">
      <UniqueIdentifier>{e46b62d3-bc33-48b9-b0e9-d547b6361861}</UniqueIdentifier>
      <Extensions>cpp;moc</Extensions>
      <SourceControlFiles>False</SourceControlFiles>
    </Filter>
  </ItemGroup>
  <ItemGroup>
    <ClCompile Include="main.cpp">
      <Filter>Source Files</Filter>
    </ClCompile>
    <ClCompile Include="AtiU6.cpp">
      <Filter>Source Files\device</Filter>
    </ClCompile>
    <ClCompile Include="EntactDevice.cpp">
      <Filter>Source Files\device</Filter>
    </ClCompile>
    <ClCompile Include="MilliSecTime.cpp">
      <Filter>Source Files\general use</Filter>
    </ClCompile>
    <ClCompile Include="Observer.cpp">
      <Filter>Source Files\general use</Filter>
    </ClCompile>
    <ClCompile Include="Subject.cpp">
      <Filter>Source Files\general use</Filter>
    </ClCompile>
    <ClCompile Include="hapticevaluationgui.cpp">
      <Filter>Source Files\gui</Filter>
    </ClCompile>
    <ClCompile Include="datalogger.cpp">
      <Filter>Source Files\logger</Filter>
    </ClCompile>
    <ClCompile Include="HapticThreadDoubleForce.cpp">
      <Filter>Source Files\threads</Filter>
    </ClCompile>
    <ClCompile Include="HapticThreadHaptReplication.cpp">
      <Filter>Source Files\threads</Filter>
    </ClCompile>
    <ClCompile Include="HapticThreadSingleForce.cpp">
      <Filter>Source Files\threads</Filter>
    </ClCompile>
    <ClCompile Include="HapticThreadSingleHaptic.cpp">
      <Filter>Source Files\threads</Filter>
    </ClCompile>
    <ClCompile Include="HapticThreadSingleHapticCst.cpp">
      <Filter>Source Files\threads</Filter>
    </ClCompile>
    <ClCompile Include="HapticThreadSingleHapticSlope.cpp">
      <Filter>Source Files\threads</Filter>
    </ClCompile>
    <ClCompile Include="HapticThreadSinglePosition.cpp">
      <Filter>Source Files\threads</Filter>
    </ClCompile>
    <ClCompile Include="experimentReader.cpp">
      <Filter>Source Files\experiment</Filter>
    </ClCompile>
    <ClCompile Include="HRExperiment.cpp">
      <Filter>Source Files\experiment</Filter>
    </ClCompile>
    <ClCompile Include="haptlinksupervisor.cpp">
      <Filter>Source Files\supervisor</Filter>
    </ClCompile>
    <ClCompile Include="dom.c">
      <Filter>Header Files\logger\log helper files</Filter>
    </ClCompile>
    <ClCompile Include="expatls.c">
      <Filter>Header Files\logger\log helper files</Filter>
    </ClCompile>
    <ClCompile Include="ftconfig.c">
      <Filter>Header Files\logger\log helper files</Filter>
    </ClCompile>
    <ClCompile Include="ftrt.c">
      <Filter>Header Files\logger\log helper files</Filter>
    </ClCompile>
    <ClCompile Include="node.c">
      <Filter>Header Files\logger\log helper files</Filter>
    </ClCompile>
    <ClCompile Include="stack.c">
      <Filter>Header Files\logger\log helper files</Filter>
    </ClCompile>
    <ClCompile Include="xmlparse.c">
      <Filter>Header Files\logger\log helper files</Filter>
    </ClCompile>
    <ClCompile Include="xmlrole.c">
      <Filter>Header Files\logger\log helper files</Filter>
    </ClCompile>
    <ClCompile Include="xmltok.c">
      <Filter>Header Files\logger\log helper files</Filter>
    </ClCompile>
    <ClCompile Include="GeneratedFiles\qrc_hapticevaluationgui.cpp">
      <Filter>Generated Files</Filter>
    </ClCompile>
    <ClCompile Include="GeneratedFiles\Release\moc_hapticevaluationgui.cpp">
      <Filter>Generated Files\Release</Filter>
    </ClCompile>
    <ClCompile Include="GeneratedFiles\Debug\moc_hapticevaluationgui.cpp">
      <Filter>Generated Files\Debug</Filter>
    </ClCompile>
  </ItemGroup>
  <ItemGroup>
    <ClInclude Include="AtiU6.h">
      <Filter>Header Files\device</Filter>
    </ClInclude>
    <ClInclude Include="Device.h">
      <Filter>Header Files\device</Filter>
    </ClInclude>
    <ClInclude Include="EntactDevice.h">
      <Filter>Header Files\device</Filter>
    </ClInclude>
    <ClInclude Include="HapticDevice.h">
      <Filter>Header Files\device</Filter>
    </ClInclude>
    <ClInclude Include="datamodel.h">
      <Filter>Header Files\general use</Filter>
    </ClInclude>
    <ClInclude Include="MilliSecTime.h">
      <Filter>Header Files\general use</Filter>
    </ClInclude>
    <ClInclude Include="Observer.h">
      <Filter>Header Files\general use</Filter>
    </ClInclude>
    <ClInclude Include="Subject.h">
      <Filter>Header Files\general use</Filter>
    </ClInclude>
    <ClInclude Include="datalogger.h">
      <Filter>Header Files\logger</Filter>
    </ClInclude>
    <ClInclude Include="haptlinksupervisor.h">
      <Filter>Header Files\supervisor</Filter>
    </ClInclude>
    <ClInclude Include="HapticThread.h">
      <Filter>Header Files\threads</Filter>
    </ClInclude>
    <ClInclude Include="HapticThreadDoubleForce.h">
      <Filter>Header Files\threads</Filter>
    </ClInclude>
    <ClInclude Include="HapticThreadHaptReplication.h">
      <Filter>Header Files\threads</Filter>
    </ClInclude>
    <ClInclude Include="HapticThreadSingleForce.h">
      <Filter>Header Files\threads</Filter>
    </ClInclude>
    <ClInclude Include="HapticThreadSingleHapticCst.h">
      <Filter>Header Files\threads</Filter>
    </ClInclude>
    <ClInclude Include="HapticThreadSingleHapticSlope.h">
      <Filter>Header Files\threads</Filter>
    </ClInclude>
    <ClInclude Include="HapticThreadSinglePosition.h">
      <Filter>Header Files\threads</Filter>
    </ClInclude>
    <ClInclude Include="experimentReader.h">
      <Filter>Header Files\experiment</Filter>
    </ClInclude>
    <ClInclude Include="HRExperiment.h">
      <Filter>Header Files\experiment</Filter>
    </ClInclude>
  </ItemGroup>
  <ItemGroup>
    <CustomBuild Include="hapticevaluationgui.qrc">
      <Filter>Source Files\Resource Files</Filter>
    </CustomBuild>
    <CustomBuild Include="hapticevaluationgui.h">
      <Filter>Header Files\gui</Filter>
    </CustomBuild>
    <CustomBuild Include="hapticevaluationgui.ui">
      <Filter>Form Files</Filter>
    </CustomBuild>
  </ItemGroup>
</Project>